
Microsoft Visual Studio Solution File, Format Version 12.00
# Visual Studio Version 17
VisualStudioVersion = 17.5.002.0
MinimumVisualStudioVersion = 10.0.40219.1
Project("{2150E333-8FDC-42A3-9474-1A3956D46DE8}") = "FuncoesInternas", "FuncoesInternas", "{178628FF-2497-4D3B-8D56-D94F87527D36}"
EndProject
Project("{9A19103F-16F7-4668-BE54-9A1E7A4F7556}") = "FuncoesInternas", "Strings\strings\FuncoesInternas.csproj", "{9FA08116-3BB7-40BE-B0B7-A0267782DDF2}"
EndProject
Project("{9A19103F-16F7-4668-BE54-9A1E7A4F7556}") = "DatasEmObjetos", "DatasEmObjetos\DatasEmObjetos.csproj", "{70C487C1-C61D-4D5D-BB8B-6C4B147CC906}"
EndProject
Project("{9A19103F-16F7-4668-BE54-9A1E7A4F7556}") = "BoxingUnboxing", "BoxingUnboxing\BoxingUnboxing.csproj", "{E31D851B-0A79-4FAB-AFD9-9F5A825DD7B3}"
EndProject
Project("{9A19103F-16F7-4668-BE54-9A1E7A4F7556}") = "Parse", "Parse\Parse.csproj", "{B05FABCB-DE56-4526-9C69-5EA90B7DE9A6}"
EndProject
Project("{9A19103F-16F7-4668-BE54-9A1E7A4F7556}") = "ConvertTo", "ConvertTo\ConvertTo.csproj", "{D095661D-A4FD-4352-9990-3F6FEF013FFD}"
EndProject
Project("{9A19103F-16F7-4668-BE54-9A1E7A4F7556}") = "ColecoesMaisComuns", "ColecoesMaisComuns\ColecoesMaisComuns.csproj", "{36CFDBDC-5529-45EC-BA55-42344E853DEA}"
EndProject
Project("{FAE04EC0-301F-11D3-BF4B-00C04F79EFBC}") = "MetodosExtensao", "MetodosExtensao\MetodosExtensao.csproj", "{CD1017FC-0C1D-4410-A2EE-56A0287713EA}"
EndProject
Global
	GlobalSection(SolutionConfigurationPlatforms) = preSolution
		Debug|Any CPU = Debug|Any CPU
		Release|Any CPU = Release|Any CPU
	EndGlobalSection
	GlobalSection(ProjectConfigurationPlatforms) = postSolution
		{9FA08116-3BB7-40BE-B0B7-A0267782DDF2}.Debug|Any CPU.ActiveCfg = Debug|Any CPU
		{9FA08116-3BB7-40BE-B0B7-A0267782DDF2}.Debug|Any CPU.Build.0 = Debug|Any CPU
		{9FA08116-3BB7-40BE-B0B7-A0267782DDF2}.Release|Any CPU.ActiveCfg = Release|Any CPU
		{9FA08116-3BB7-40BE-B0B7-A0267782DDF2}.Release|Any CPU.Build.0 = Release|Any CPU
		{70C487C1-C61D-4D5D-BB8B-6C4B147CC906}.Debug|Any CPU.ActiveCfg = Debug|Any CPU
		{70C487C1-C61D-4D5D-BB8B-6C4B147CC906}.Debug|Any CPU.Build.0 = Debug|Any CPU
		{70C487C1-C61D-4D5D-BB8B-6C4B147CC906}.Release|Any CPU.ActiveCfg = Release|Any CPU
		{70C487C1-C61D-4D5D-BB8B-6C4B147CC906}.Release|Any CPU.Build.0 = Release|Any CPU
		{E31D851B-0A79-4FAB-AFD9-9F5A825DD7B3}.Debug|Any CPU.ActiveCfg = Debug|Any CPU
		{E31D851B-0A79-4FAB-AFD9-9F5A825DD7B3}.Debug|Any CPU.Build.0 = Debug|Any CPU
		{E31D851B-0A79-4FAB-AFD9-9F5A825DD7B3}.Release|Any CPU.ActiveCfg = Release|Any CPU
		{E31D851B-0A79-4FAB-AFD9-9F5A825DD7B3}.Release|Any CPU.Build.0 = Release|Any CPU
		{B05FABCB-DE56-4526-9C69-5EA90B7DE9A6}.Debug|Any CPU.ActiveCfg = Debug|Any CPU
		{B05FABCB-DE56-4526-9C69-5EA90B7DE9A6}.Debug|Any CPU.Build.0 = Debug|Any CPU
		{B05FABCB-DE56-4526-9C69-5EA90B7DE9A6}.Release|Any CPU.ActiveCfg = Release|Any CPU
		{B05FABCB-DE56-4526-9C69-5EA90B7DE9A6}.Release|Any CPU.Build.0 = Release|Any CPU
		{D095661D-A4FD-4352-9990-3F6FEF013FFD}.Debug|Any CPU.ActiveCfg = Debug|Any CPU
		{D095661D-A4FD-4352-9990-3F6FEF013FFD}.Debug|Any CPU.Build.0 = Debug|Any CPU
		{D095661D-A4FD-4352-9990-3F6FEF013FFD}.Release|Any CPU.ActiveCfg = Release|Any CPU
		{D095661D-A4FD-4352-9990-3F6FEF013FFD}.Release|Any CPU.Build.0 = Release|Any CPU
		{36CFDBDC-5529-45EC-BA55-42344E853DEA}.Debug|Any CPU.ActiveCfg = Debug|Any CPU
		{36CFDBDC-5529-45EC-BA55-42344E853DEA}.Debug|Any CPU.Build.0 = Debug|Any CPU
		{36CFDBDC-5529-45EC-BA55-42344E853DEA}.Release|Any CPU.ActiveCfg = Release|Any CPU
		{36CFDBDC-5529-45EC-BA55-42344E853DEA}.Release|Any CPU.Build.0 = Release|Any CPU
		{CD1017FC-0C1D-4410-A2EE-56A0287713EA}.Debug|Any CPU.ActiveCfg = Debug|Any CPU
		{CD1017FC-0C1D-4410-A2EE-56A0287713EA}.Debug|Any CPU.Build.0 = Debug|Any CPU
		{CD1017FC-0C1D-4410-A2EE-56A0287713EA}.Release|Any CPU.ActiveCfg = Release|Any CPU
		{CD1017FC-0C1D-4410-A2EE-56A0287713EA}.Release|Any CPU.Build.0 = Release|Any CPU
	EndGlobalSection
	GlobalSection(SolutionProperties) = preSolution
		HideSolutionNode = FALSE
	EndGlobalSection
	GlobalSection(NestedProjects) = preSolution
		{9FA08116-3BB7-40BE-B0B7-A0267782DDF2} = {178628FF-2497-4D3B-8D56-D94F87527D36}
		{70C487C1-C61D-4D5D-BB8B-6C4B147CC906} = {178628FF-2497-4D3B-8D56-D94F87527D36}
		{E31D851B-0A79-4FAB-AFD9-9F5A825DD7B3} = {178628FF-2497-4D3B-8D56-D94F87527D36}
		{B05FABCB-DE56-4526-9C69-5EA90B7DE9A6} = {178628FF-2497-4D3B-8D56-D94F87527D36}
		{D095661D-A4FD-4352-9990-3F6FEF013FFD} = {178628FF-2497-4D3B-8D56-D94F87527D36}
		{36CFDBDC-5529-45EC-BA55-42344E853DEA} = {178628FF-2497-4D3B-8D56-D94F87527D36}
		{CD1017FC-0C1D-4410-A2EE-56A0287713EA} = {178628FF-2497-4D3B-8D56-D94F87527D36}
	EndGlobalSection
	GlobalSection(ExtensibilityGlobals) = postSolution
		SolutionGuid = {74E2CBFD-5037-4C2C-9094-6A3CCFC19223}
	EndGlobalSection
EndGlobal
